{
  "name": "@ngnjs/net",
  "version": "1.0.0-alpha.17",
  "lockfileVersion": 2,
  "requires": true,
  "packages": {
    "": {
      "name": "@ngnjs/net",
      "version": "1.0.0-alpha.17",
      "license": "MIT",
      "devDependencies": {
        "@author.io/dev": "^1.1.6",
        "@ngnjs/libcrypto": "^1.0.0-alpha.3",
        "@ngnjs/net-debug": "^1.0.0-alpha",
        "@ngnjs/plugin": "^1.0.0-alpha",
        "@ngnjs/plugin-debug": "^1.0.0-alpha"
      },
      "peerDependencies": {
        "@ngnjs/libcrypto": ">=1.0.0-alpha.3",
        "@ngnjs/libdata": ">=1.0.0-alpha.1",
        "@ngnjs/libnet-node": ">=1.0.0-alpha",
        "@ngnjs/plugin": ">=1.0.0-alpha.9",
        "ngn": "^2.0.0-alpha.5"
      }
    },
    "node_modules/@author.io/arg": {
      "version": "1.3.11",
      "integrity": "sha512-8zOevr7NqdWDX5otMAA0v3LmxBs80xACDjS18MF8427Y9AbwEJvM/GDyqsXc1Lxkf8XGkodxhliKQEPDzZunAg==",
      "engines": {
        "node": ">=12.0.0"
      }
    },
    "node_modules/@author.io/dev": {
      "version": "1.1.6",
      "integrity": "sha512-unNtw/ibtPjbkhd7IDmO4e+JDpWoxqFmuQgF+gu3LDms2Nd0k/pN+umAPaxLPNHW/r7yvaTarMYtwdZOWQsf6A==",
      "dependencies": {
        "@author.io/node-shell": "^1.8.2",
        "@author.io/shell": "^1.3.8",
        "chalk": "^4.1.0",
        "glob": "^7.1.6",
        "semver": "^7.3.2"
      },
      "bin": {
        "dev": "index.js",
        "jsdev": "index.js"
      }
    },
    "node_modules/@author.io/node-shell": {
      "version": "1.8.2",
      "integrity": "sha512-mnOwUASxLYV3NcSlUvjHwnLkbwhxSUcq/dwUPkawWmu5TJ6txYcU+Eub4QMyCXqpiThyiFrRc6Za89Nh+dKo0w==",
      "deprecated": "Package no longer supported. Contact Support at https://www.npmjs.com/support for more info.",
      "dependencies": {
        "@author.io/arg": "^1.3.8",
        "@author.io/table": "^1.0.3"
      },
      "engines": {
        "node": ">=13.5.0"
      }
    },
    "node_modules/@author.io/shell": {
      "version": "1.3.8",
      "integrity": "sha512-/ybwBCffBeFp4QS5tnC0bd/XxgTNXP9r6FVBJiFWolTjALVfL0tEUtOrNF+JdVxBf7vLvmnSiz5EUvrdj9Cm0A==",
      "dependencies": {
        "@author.io/arg": "^1.2.6",
        "@author.io/table": "^1.0.1"
      },
      "engines": {
        "node": ">=13.5.0"
      }
    },
    "node_modules/@author.io/table": {
      "version": "1.0.3",
      "integrity": "sha512-JnsndB8kzcyLwYp42teOpdICCP4KZHmzOlFnL/uxfQCxGrQKEIH8Occq8LFQXO7OKri/tOYG5mOhrWxxuoRyzw=="
    },
    "node_modules/@ngnjs/libcrypto": {
      "version": "1.0.0-alpha.3",
      "integrity": "sha512-E7K9x45/PsQETLIiMtpcJgh5bTfyJi5pgxovA14svlF0P5WMyulH6jwo3+L9nAdy3CQk3Wp5HVnQErJq4+WyHg==",
      "dev": true,
      "peerDependencies": {
        "ngn": "^2.0.0-alpha.10"
      }
    },
    "node_modules/@ngnjs/libdata": {
      "version": "1.0.0-alpha.2",
      "integrity": "sha512-080OxSzZE8jqbRAO1FRNhbQB7xAd3zc9Mrm+oAkduhILWf16CYV1BGBbtvws9bNhW6uA6hFx6y6Il3dQIngq6g==",
      "peer": true,
      "peerDependencies": {
        "@author.io/dev": "^1.0.15"
      }
    },
    "node_modules/@ngnjs/libnet-node": {
      "version": "1.0.0-alpha",
      "integrity": "sha512-wLOHMdwP3/1Wcca7YqRibLS9eBNKvZdggt55CaeCYAO80splvUcr9dedgh8DzIfeKxbsVcIZ8QPWk2tO4MyI+A==",
      "peer": true,
      "peerDependencies": {
        "@ngnjs/libdata": "^1.0.0-alpha.1",
        "@ngnjs/plugin": ">=1.0.0-alpha.8",
        "ngn": "^2.0.0-alpha.5"
      }
    },
    "node_modules/@ngnjs/net-debug": {
      "version": "1.0.0-alpha.16",
      "integrity": "sha512-54hjSr+kRYuegbjhyIZHGmtY2nkuGB2fR2MDFmlE7U4sZyQ13+zunLc/wYufASf9kCBgtBHSPgCfZlOtnIws9g==",
      "dev": true,
      "dependencies": {
        "source-map-support": "^0.5.16"
      },
      "peerDependencies": {
        "@ngnjs/libdata": ">=1.0.0-alpha.1",
        "@ngnjs/libnet-node": ">=1.0.0-alpha",
        "@ngnjs/plugin": ">=1.0.0-alpha.9",
        "ngn": "^2.0.0-alpha.5"
      }
    },
    "node_modules/@ngnjs/plugin": {
      "version": "1.0.0-alpha.9",
      "integrity": "sha512-xaL50GbAf1o0wVUiKJMFy+2JZJc+8fh1d684/DZ3H34G34vm+WqO602mQO4Z6SbIxKcqu2h6PzhwRbAX2AwzzA==",
      "peerDependencies": {
        "ngn": "^2.0.0-alpha.5"
      }
    },
    "node_modules/@ngnjs/plugin-debug": {
      "version": "1.0.0-alpha.9",
      "integrity": "sha512-J6U5inZnRSWrS1cqKYy59NLRAPXo38/YadN+a5X+1RcwwtDMJ64T0yfUGK/zPSFJJga9NyznNKBG6nuZ1mjEzA==",
      "dev": true,
      "dependencies": {
        "source-map-support": "^0.5.16"
      },
      "peerDependencies": {
        "ngn": "^2.0.0-alpha.5"
      }
    },
    "node_modules/ansi-styles": {
      "version": "4.3.0",
      "integrity": "sha512-zbB9rCJAT1rbjiVDb2hqKFHNYLxgtk8NURxZ3IZwD3F6NtxbXZQCnnSi1Lkx+IDohdPlFp222wVALIheZJQSEg==",
      "dependencies": {
        "color-convert": "^2.0.1"
      },
      "engines": {
        "node": ">=8"
      },
      "funding": {
        "url": "https://github.com/chalk/ansi-styles?sponsor=1"
      }
    },
    "node_modules/balanced-match": {
      "version": "1.0.0",
      "integrity": "sha1-ibTRmasr7kneFk6gK4nORi1xt2c="
    },
    "node_modules/brace-expansion": {
      "version": "1.1.11",
      "integrity": "sha512-iCuPHDFgrHX7H2vEI/5xpz07zSHB00TpugqhmYtVmMO6518mCuRMoOYFldEBl0g187ufozdaHgWKcYFb61qGiA==",
      "dependencies": {
        "balanced-match": "^1.0.0",
        "concat-map": "0.0.1"
      }
    },
    "node_modules/buffer-from": {
      "version": "1.1.2",
      "integrity": "sha512-E+XQCRwSbaaiChtv6k6Dwgc+bx+Bs6vuKJHHl5kox/BaKbhiXzqQOwK4cO22yElGp2OCmjwVhT3HmxgyPGnJfQ==",
      "dev": true
    },
    "node_modules/chalk": {
      "version": "4.1.0",
      "integrity": "sha512-qwx12AxXe2Q5xQ43Ac//I6v5aXTipYrSESdOgzrN+9XjgEpyjpKuvSGaN4qE93f7TQTlerQQ8S+EQ0EyDoVL1A==",
      "dependencies": {
        "ansi-styles": "^4.1.0",
        "supports-color": "^7.1.0"
      },
      "engines": {
        "node": ">=10"
      },
      "funding": {
        "url": "https://github.com/chalk/chalk?sponsor=1"
      }
    },
    "node_modules/color-convert": {
      "version": "2.0.1",
      "integrity": "sha512-RRECPsj7iu/xb5oKYcsFHSppFNnsj/52OVTRKb4zP5onXwVF3zVmmToNcOfGC+CRDpfK/U584fMg38ZHCaElKQ==",
      "dependencies": {
        "color-name": "~1.1.4"
      },
      "engines": {
        "node": ">=7.0.0"
      }
    },
    "node_modules/color-name": {
      "version": "1.1.4",
      "integrity": "sha512-dOy+3AuW3a2wNbZHIuMZpTcgjGuLU/uBL/ubcZF9OXbDo8ff4O8yVp5Bf0efS8uEoYo5q4Fx7dY9OgQGXgAsQA=="
    },
    "node_modules/concat-map": {
      "version": "0.0.1",
      "integrity": "sha1-2Klr13/Wjfd5OnMDajug1UBdR3s="
    },
    "node_modules/fs.realpath": {
      "version": "1.0.0",
      "integrity": "sha1-FQStJSMVjKpA20onh8sBQRmU6k8="
    },
    "node_modules/glob": {
      "version": "7.1.6",
      "integrity": "sha512-LwaxwyZ72Lk7vZINtNNrywX0ZuLyStrdDtabefZKAY5ZGJhVtgdznluResxNmPitE0SAO+O26sWTHeKSI2wMBA==",
      "dependencies": {
        "fs.realpath": "^1.0.0",
        "inflight": "^1.0.4",
        "inherits": "2",
        "minimatch": "^3.0.4",
        "once": "^1.3.0",
        "path-is-absolute": "^1.0.0"
      },
      "engines": {
        "node": "*"
      },
      "funding": {
        "url": "https://github.com/sponsors/isaacs"
      }
    },
    "node_modules/has-flag": {
      "version": "4.0.0",
      "integrity": "sha512-EykJT/Q1KjTWctppgIAgfSO0tKVuZUjhgMr17kqTumMl6Afv3EISleU7qZUzoXDFTAHTDC4NOoG/ZxU3EvlMPQ==",
      "engines": {
        "node": ">=8"
      }
    },
    "node_modules/inflight": {
      "version": "1.0.6",
      "integrity": "sha1-Sb1jMdfQLQwJvJEKEHW6gWW1bfk=",
      "dependencies": {
        "once": "^1.3.0",
        "wrappy": "1"
      }
    },
    "node_modules/inherits": {
      "version": "2.0.4",
      "integrity": "sha512-k/vGaX4/Yla3WzyMCvTQOXYeIHvqOKtnqBduzTHpzpQZzAskKMhZ2K+EnBiSM9zGSoIFeMpXKxa4dYeZIQqewQ=="
    },
    "node_modules/minimatch": {
      "version": "3.0.4",
      "integrity": "sha512-yJHVQEhyqPLUTgt9B83PXu6W3rx4MvvHvSUvToogpwoGDOUQ+yDrR0HRot+yOCdCO7u4hX3pWft6kWBBcqh0UA==",
      "dependencies": {
        "brace-expansion": "^1.1.7"
      },
      "engines": {
        "node": "*"
      }
    },
    "node_modules/ngn": {
      "version": "2.0.0-alpha.11",
      "integrity": "sha512-3enAs8ghLIGPVxPP1kAe1dUJxfFf23Sm5S5EfVDHusKIqGtNLR73vrJsZ3xeifierUV/tgwPpv+jsQELaQw24A==",
      "peer": true
    },
    "node_modules/once": {
      "version": "1.4.0",
      "integrity": "sha1-WDsap3WWHUsROsF9nFC6753Xa9E=",
      "dependencies": {
        "wrappy": "1"
      }
    },
    "node_modules/path-is-absolute": {
      "version": "1.0.1",
      "integrity": "sha1-F0uSaHNVNP+8es5r9TpanhtcX18=",
      "engines": {
        "node": ">=0.10.0"
      }
    },
    "node_modules/semver": {
      "version": "7.3.2",
      "integrity": "sha512-OrOb32TeeambH6UrhtShmF7CRDqhL6/5XpPNp2DuRH6+9QLw/orhp72j87v8Qa1ScDkvrrBNpZcDejAirJmfXQ==",
      "bin": {
        "semver": "bin/semver.js"
      },
      "engines": {
        "node": ">=10"
      }
    },
    "node_modules/source-map": {
      "version": "0.6.1",
      "integrity": "sha512-UjgapumWlbMhkBgzT7Ykc5YXUT46F0iKu8SGXq0bcwP5dz/h0Plj6enJqjz1Zbq2l5WaqYnrVbwWOWMyF3F47g==",
      "dev": true,
      "engines": {
        "node": ">=0.10.0"
      }
    },
    "node_modules/source-map-support": {
      "version": "0.5.20",
      "integrity": "sha512-n1lZZ8Ve4ksRqizaBQgxXDgKwttHDhyfQjA6YZZn8+AroHbsIz+JjwxQDxbp+7y5OYCI8t1Yk7etjD9CRd2hIw==",
      "dev": true,
      "dependencies": {
        "buffer-from": "^1.0.0",
        "source-map": "^0.6.0"
      }
    },
    "node_modules/supports-color": {
      "version": "7.2.0",
      "integrity": "sha512-qpCAvRl9stuOHveKsn7HncJRvv501qIacKzQlO/+Lwxc9+0q2wLyv4Dfvt80/DPn2pqOBsJdDiogXGR9+OvwRw==",
      "dependencies": {
        "has-flag": "^4.0.0"
      },
      "engines": {
        "node": ">=8"
      }
    },
    "node_modules/wrappy": {
      "version": "1.0.2",
      "integrity": "sha1-tSQ9jz7BqjXxNkYFvA0QNuMKtp8="
    }
  },
  "dependencies": {
    "@author.io/arg": {
      "version": "1.3.11"
    },
    "@author.io/dev": {
      "version": "1.1.6",
      "requires": {
        "@author.io/node-shell": "^1.8.2",
        "@author.io/shell": "^1.3.8",
        "chalk": "^4.1.0",
        "glob": "^7.1.6",
        "semver": "^7.3.2"
      }
    },
    "@author.io/node-shell": {
      "version": "1.8.2",
      "requires": {
        "@author.io/arg": "^1.3.8",
        "@author.io/table": "^1.0.3"
      }
    },
    "@author.io/shell": {
      "version": "1.3.8",
      "requires": {
        "@author.io/arg": "^1.2.6",
        "@author.io/table": "^1.0.1"
      }
    },
    "@author.io/table": {
      "version": "1.0.3"
    },
    "@ngnjs/libcrypto": {
      "version": "1.0.0-alpha.3",
      "dev": true,
      "requires": {}
    },
    "@ngnjs/libdata": {
      "version": "1.0.0-alpha.2",
      "peer": true,
      "requires": {}
    },
    "@ngnjs/libnet-node": {
      "version": "1.0.0-alpha",
      "peer": true,
      "requires": {}
    },
    "@ngnjs/net-debug": {
      "version": "1.0.0-alpha.16",
      "dev": true,
      "requires": {
        "source-map-support": "^0.5.16"
      }
    },
    "@ngnjs/plugin": {
      "version": "1.0.0-alpha.9",
      "requires": {}
    },
    "@ngnjs/plugin-debug": {
      "version": "1.0.0-alpha.9",
      "dev": true,
      "requires": {
        "source-map-support": "^0.5.16"
      }
    },
    "ansi-styles": {
      "version": "4.3.0",
      "requires": {
        "color-convert": "^2.0.1"
      }
    },
    "balanced-match": {
      "version": "1.0.0"
    },
    "brace-expansion": {
      "version": "1.1.11",
      "requires": {
        "balanced-match": "^1.0.0",
        "concat-map": "0.0.1"
      }
    },
    "buffer-from": {
      "version": "1.1.2",
      "dev": true
    },
    "chalk": {
      "version": "4.1.0",
      "requires": {
        "ansi-styles": "^4.1.0",
        "supports-color": "^7.1.0"
      }
    },
    "color-convert": {
      "version": "2.0.1",
      "requires": {
        "color-name": "~1.1.4"
      }
    },
    "color-name": {
      "version": "1.1.4"
    },
    "concat-map": {
      "version": "0.0.1"
    },
    "fs.realpath": {
      "version": "1.0.0"
    },
    "glob": {
      "version": "7.1.6",
      "requires": {
        "fs.realpath": "^1.0.0",
        "inflight": "^1.0.4",
        "inherits": "2",
        "minimatch": "^3.0.4",
        "once": "^1.3.0",
        "path-is-absolute": "^1.0.0"
      }
    },
    "has-flag": {
      "version": "4.0.0"
    },
    "inflight": {
      "version": "1.0.6",
      "requires": {
        "once": "^1.3.0",
        "wrappy": "1"
      }
    },
    "inherits": {
      "version": "2.0.4"
    },
    "minimatch": {
      "version": "3.0.4",
      "requires": {
        "brace-expansion": "^1.1.7"
      }
    },
    "ngn": {
      "version": "2.0.0-alpha.11",
      "peer": true
    },
    "once": {
      "version": "1.4.0",
      "requires": {
        "wrappy": "1"
      }
    },
    "path-is-absolute": {
      "version": "1.0.1"
    },
    "semver": {
      "version": "7.3.2"
    },
    "source-map": {
      "version": "0.6.1",
      "dev": true
    },
    "source-map-support": {
      "version": "0.5.20",
      "dev": true,
      "requires": {
        "buffer-from": "^1.0.0",
        "source-map": "^0.6.0"
      }
    },
    "supports-color": {
      "version": "7.2.0",
      "requires": {
        "has-flag": "^4.0.0"
      }
    },
    "wrappy": {
      "version": "1.0.2"
    }
  }
}
